Microsoft Visual Studio Solution File, Format Version 12.00
# Visual Studio Version 17
VisualStudioVersion = 17.5.2.0
MinimumVisualStudioVersion = 10.0.40219.1
Project("{FAE04EC0-301F-11D3-BF4B-00C04F79EFBC}") = "ZLShop", "ZLShop\ZLShop.csproj", "{629D1E29-472C-6179-5CEC-13DA466BEB3A}"
EndProject
Global
	GlobalSection(SolutionConfigurationPlatforms) = preSolution
		Debug|Any CPU = Debug|Any CPU
		Release|Any CPU = Release|Any CPU
	EndGlobalSection
	GlobalSection(ProjectConfigurationPlatforms) = postSolution
		{629D1E29-472C-6179-5CEC-13DA466BEB3A}.Debug|Any CPU.ActiveCfg = Debug|Any CPU
		{629D1E29-472C-6179-5CEC-13DA466BEB3A}.Debug|Any CPU.Build.0 = Debug|Any CPU
		{629D1E29-472C-6179-5CEC-13DA466BEB3A}.Release|Any CPU.ActiveCfg = Release|Any CPU
		{629D1E29-472C-6179-5CEC-13DA466BEB3A}.Release|Any CPU.Build.0 = Release|Any CPU
	EndGlobalSection
	GlobalSection(SolutionProperties) = preSolution
		HideSolutionNode = FALSE
	EndGlobalSection
	GlobalSection(ExtensibilityGlobals) = postSolution
		SolutionGuid = {AFFE6C16-B7F0-4595-8B9E-ACB5199F6626}
	EndGlobalSection
EndGlobal
